
Microsoft Visual Studio Solution File, Format Version 12.00
# Visual Studio Version 16
VisualStudioVersion = 16.0.32929.386
MinimumVisualStudioVersion = 10.0.40219.1
Project("{FAE04EC0-301F-11D3-BF4B-00C04F79EFBC}") = "MvcProjeKampi", "MvcProjeKampi\MvcProjeKampi.csproj", "{671E07E0-F185-42AC-A7AB-EB3FBF3BD073}"
EndProject
Project("{FAE04EC0-301F-11D3-BF4B-00C04F79EFBC}") = "EntityLayer", "EntityLayer\EntityLayer.csproj", "{149A757A-A541-41CB-9367-EBCFB815F986}"
EndProject
Project("{FAE04EC0-301F-11D3-BF4B-00C04F79EFBC}") = "DataAccessLayer", "DataAccessLayer\DataAccessLayer.csproj", "{C69661B8-0F59-41C9-8A29-31A43AA280EA}"
EndProject
Project("{FAE04EC0-301F-11D3-BF4B-00C04F79EFBC}") = "BusinessLayer", "BusinessLayer\BusinessLayer.csproj", "{71CA0EE7-728C-4BA1-9B4B-284862303C8C}"
EndProject
Global
	GlobalSection(SolutionConfigurationPlatforms) = preSolution
		Debug|Any CPU = Debug|Any CPU
		Release|Any CPU = Release|Any CPU
	EndGlobalSection
	GlobalSection(ProjectConfigurationPlatforms) = postSolution
		{671E07E0-F185-42AC-A7AB-EB3FBF3BD073}.Debug|Any CPU.ActiveCfg = Debug|Any CPU
		{671E07E0-F185-42AC-A7AB-EB3FBF3BD073}.Debug|Any CPU.Build.0 = Debug|Any CPU
		{671E07E0-F185-42AC-A7AB-EB3FBF3BD073}.Release|Any CPU.ActiveCfg = Release|Any CPU
		{671E07E0-F185-42AC-A7AB-EB3FBF3BD073}.Release|Any CPU.Build.0 = Release|Any CPU
		{149A757A-A541-41CB-9367-EBCFB815F986}.Debug|Any CPU.ActiveCfg = Debug|Any CPU
		{149A757A-A541-41CB-9367-EBCFB815F986}.Debug|Any CPU.Build.0 = Debug|Any CPU
		{149A757A-A541-41CB-9367-EBCFB815F986}.Release|Any CPU.ActiveCfg = Release|Any CPU
		{149A757A-A541-41CB-9367-EBCFB815F986}.Release|Any CPU.Build.0 = Release|Any CPU
		{C69661B8-0F59-41C9-8A29-31A43AA280EA}.Debug|Any CPU.ActiveCfg = Debug|Any CPU
		{C69661B8-0F59-41C9-8A29-31A43AA280EA}.Debug|Any CPU.Build.0 = Debug|Any CPU
		{C69661B8-0F59-41C9-8A29-31A43AA280EA}.Release|Any CPU.ActiveCfg = Release|Any CPU
		{C69661B8-0F59-41C9-8A29-31A43AA280EA}.Release|Any CPU.Build.0 = Release|Any CPU
		{71CA0EE7-728C-4BA1-9B4B-284862303C8C}.Debug|Any CPU.ActiveCfg = Debug|Any CPU
		{71CA0EE7-728C-4BA1-9B4B-284862303C8C}.Debug|Any CPU.Build.0 = Debug|Any CPU
		{71CA0EE7-728C-4BA1-9B4B-284862303C8C}.Release|Any CPU.ActiveCfg = Release|Any CPU
		{71CA0EE7-728C-4BA1-9B4B-284862303C8C}.Release|Any CPU.Build.0 = Release|Any CPU
	EndGlobalSection
	GlobalSection(SolutionProperties) = preSolution
		HideSolutionNode = FALSE
	EndGlobalSection
	GlobalSection(ExtensibilityGlobals) = postSolution
		SolutionGuid = {FF4AF833-1EC8-4644-8793-2921497609A6}
	EndGlobalSection
EndGlobal
